// !$*UTF8*$!
{
	archiveVersion = 1;
	classes = {
	};
	objectVersion = 56;
	objects = {

/* Begin PBXBuildFile section */
		CE103C4B2B9A3C5C006C25C2 /* Assets.xcassets in Resources */ = {isa = PBXBuildFile; fileRef = CE103C4A2B9A3C5C006C25C2 /* Assets.xcassets */; };
		CE3D6A0A2BCCAB9300DB8E71 /* NSString.m in Sources */ = {isa = PBXBuildFile; fileRef = CE3D6A092BCCAB9300DB8E71 /* NSString.m */; };
		CE3D6A0E2BCCAFC000DB8E71 /* SWVector2.m in Sources */ = {isa = PBXBuildFile; fileRef = CE3D6A0D2BCCAFC000DB8E71 /* SWVector2.m */; };
		CE3E00952BCA40C2009A9270 /* NSNumber.m in Sources */ = {isa = PBXBuildFile; fileRef = CE3E00942BCA40C2009A9270 /* NSNumber.m */; };
		CE3E00982BCA4238009A9270 /* NSValue.m in Sources */ = {isa = PBXBuildFile; fileRef = CE3E00972BCA4238009A9270 /* NSValue.m */; };
		CE3FFDE12BB26E73007886AA /* swall format in Resources */ = {isa = PBXBuildFile; fileRef = CE3FFDE02BB26E73007886AA /* swall format */; };
		CE3FFDEC2BB27491007886AA /* SWScene.m in Sources */ = {isa = PBXBuildFile; fileRef = CE3FFDEB2BB27491007886AA /* SWScene.m */; };
		CE3FFDF22BB29870007886AA /* sceneAVIOContext.c in Sources */ = {isa = PBXBuildFile; fileRef = CE3FFDF12BB29870007886AA /* sceneAVIOContext.c */; };
		CE5DFB682B9A3DFD005B6F2B /* main.m in Sources */ = {isa = PBXBuildFile; fileRef = CE103C4F2B9A3C5C006C25C2 /* main.m */; };
		CE5DFB692B9A3E08005B6F2B /* videoDecoder.c in Sources */ = {isa = PBXBuildFile; fileRef = CE73BA212B8A99F400AFC334 /* videoDecoder.c */; };
		CE5DFB6A2B9A3E08005B6F2B /* SWMenuBar.m in Sources */ = {isa = PBXBuildFile; fileRef = CEE51C802B8D6A290019851F /* SWMenuBar.m */; };
		CE5DFB6B2B9A3E08005B6F2B /* SWApplicationDelegate.m in Sources */ = {isa = PBXBuildFile; fileRef = CE4FDEB72B8E54E400770C5E /* SWApplicationDelegate.m */; };
		CE5DFB6C2B9A3E10005B6F2B /* SWRenderer.m in Sources */ = {isa = PBXBuildFile; fileRef = CE73BA1A2B8A993500AFC334 /* SWRenderer.m */; };
		CE5DFB6D2B9A3E10005B6F2B /* SWVideoRenderer.m in Sources */ = {isa = PBXBuildFile; fileRef = CE73BA1D2B8A99BD00AFC334 /* SWVideoRenderer.m */; };
		CE5DFB6E2B9A3E13005B6F2B /* hwvideo.metal in Sources */ = {isa = PBXBuildFile; fileRef = CE73BA412B8A9CEC00AFC334 /* hwvideo.metal */; };
		CE5DFB6F2B9A3E28005B6F2B /* libbz2_static.a in Frameworks */ = {isa = PBXBuildFile; fileRef = CE73BA322B8A9B4C00AFC334 /* libbz2_static.a */; };
		CE5DFB702B9A3E33005B6F2B /* libavcodec.a in Frameworks */ = {isa = PBXBuildFile; fileRef = CE73BA282B8A9B4100AFC334 /* libavcodec.a */; };
		CE5DFB712B9A3E33005B6F2B /* libavdevice.a in Frameworks */ = {isa = PBXBuildFile; fileRef = CE73BA262B8A9B4100AFC334 /* libavdevice.a */; };
		CE5DFB722B9A3E33005B6F2B /* libavfilter.a in Frameworks */ = {isa = PBXBuildFile; fileRef = CE73BA252B8A9B4100AFC334 /* libavfilter.a */; };
		CE5DFB732B9A3E33005B6F2B /* libavformat.a in Frameworks */ = {isa = PBXBuildFile; fileRef = CE73BA272B8A9B4100AFC334 /* libavformat.a */; };
		CE5DFB742B9A3E33005B6F2B /* libavutil.a in Frameworks */ = {isa = PBXBuildFile; fileRef = CE73BA2A2B8A9B4100AFC334 /* libavutil.a */; };
		CE5DFB752B9A3E33005B6F2B /* libswresample.a in Frameworks */ = {isa = PBXBuildFile; fileRef = CE73BA242B8A9B4100AFC334 /* libswresample.a */; };
		CE5DFB762B9A3E33005B6F2B /* libswscale.a in Frameworks */ = {isa = PBXBuildFile; fileRef = CE73BA292B8A9B4100AFC334 /* libswscale.a */; };
		CE5DFB772B9A3E3C005B6F2B /* libz.a in Frameworks */ = {isa = PBXBuildFile; fileRef = CE73BA342B8A9B5500AFC334 /* libz.a */; };
		CE5DFB782B9A3E47005B6F2B /* CoreVideo.framework in Frameworks */ = {isa = PBXBuildFile; fileRef = CEF629EA2B96B5DC00046894 /* CoreVideo.framework */; };
		CE5DFB7A2B9A3E4B005B6F2B /* CoreAudio.framework in Frameworks */ = {isa = PBXBuildFile; fileRef = CE5DFB792B9A3E4B005B6F2B /* CoreAudio.framework */; };
		CE5DFB7C2B9A3E54005B6F2B /* VideoToolbox.framework in Frameworks */ = {isa = PBXBuildFile; fileRef = CE73BA3A2B8A9C2300AFC334 /* VideoToolbox.framework */; };
		CE5DFB7D2B9A3E5C005B6F2B /* CoreMedia.framework in Frameworks */ = {isa = PBXBuildFile; fileRef = CE73BA3C2B8A9C3700AFC334 /* CoreMedia.framework */; };
		CE5DFB7E2B9A3E64005B6F2B /* libiconv.tbd in Frameworks */ = {isa = PBXBuildFile; fileRef = CE73BA3E2B8A9C4E00AFC334 /* libiconv.tbd */; };
		CE5DFB7F2B9A3E81005B6F2B /* AudioToolbox.framework in Frameworks */ = {isa = PBXBuildFile; fileRef = CE73BA382B8A9C1E00AFC334 /* AudioToolbox.framework */; };
		CE6111ED2BBB386C0025126A /* SWTextElement.m in Sources */ = {isa = PBXBuildFile; fileRef = CE6111EC2BBB386C0025126A /* SWTextElement.m */; };
		CE6111F12BBB51340025126A /* SWElement.m in Sources */ = {isa = PBXBuildFile; fileRef = CE6111F02BBB51340025126A /* SWElement.m */; };
		CE804E632C3143C200FF36F8 /* CoreGraphics.framework in Frameworks */ = {isa = PBXBuildFile; fileRef = CE804E622C3143C200FF36F8 /* CoreGraphics.framework */; };
		CE804E642C3143CB00FF36F8 /* AppKit.framework in Frameworks */ = {isa = PBXBuildFile; fileRef = CEF629EE2B96B63600046894 /* AppKit.framework */; };
		CE804E652C3143F800FF36F8 /* QuartzCore.framework in Frameworks */ = {isa = PBXBuildFile; fileRef = CEF629F22B96B66400046894 /* QuartzCore.framework */; };
		CE804E672C31441600FF36F8 /* IOSurface.framework in Frameworks */ = {isa = PBXBuildFile; fileRef = CE804E662C31441600FF36F8 /* IOSurface.framework */; };
		CE804E682C31442900FF36F8 /* Security.framework in Frameworks */ = {isa = PBXBuildFile; fileRef = CEF629F42B96B68300046894 /* Security.framework */; };
		CE804E692C31444E00FF36F8 /* Metal.framework in Frameworks */ = {isa = PBXBuildFile; fileRef = CEF629F02B96B64D00046894 /* Metal.framework */; };
		CE85C85D2BAC3FE60056466B /* SWWallpaper.m in Sources */ = {isa = PBXBuildFile; fileRef = CE85C85C2BAC3FE60056466B /* SWWallpaper.m */; };
		CE96383A2BC3BD6300AA8615 /* SWScaled.m in Sources */ = {isa = PBXBuildFile; fileRef = CE9638392BC3BD6300AA8615 /* SWScaled.m */; };
		CE96383D2BC3BF0000AA8615 /* SWLuaTypes.m in Sources */ = {isa = PBXBuildFile; fileRef = CE96383C2BC3BF0000AA8615 /* SWLuaTypes.m */; };
		CE9638402BC3C0D000AA8615 /* SWScaled2.m in Sources */ = {isa = PBXBuildFile; fileRef = CE96383F2BC3C0D000AA8615 /* SWScaled2.m */; };
		CE9638432BC3C44F00AA8615 /* SWElement.m in Sources */ = {isa = PBXBuildFile; fileRef = CE9638422BC3C44F00AA8615 /* SWElement.m */; };
		CEAA3FD32BC6B8A50037E0DD /* SWEvent.m in Sources */ = {isa = PBXBuildFile; fileRef = CEAA3FD22BC6B8A50037E0DD /* SWEvent.m */; };
		CEAA3FD62BC6BB370037E0DD /* lua.m in Sources */ = {isa = PBXBuildFile; fileRef = CEAA3FD52BC6BB370037E0DD /* lua.m */; };
		CEAA3FD82BC6C0510037E0DD /* SWEvent.m in Sources */ = {isa = PBXBuildFile; fileRef = CEAA3FD72BC6C0510037E0DD /* SWEvent.m */; };
		CEB541F32BC0213200852176 /* SWEnumParser.m in Sources */ = {isa = PBXBuildFile; fileRef = CEB541F22BC0213200852176 /* SWEnumParser.m */; };
		CEC049192C2F9CCA007AE172 /* scene.swal in Resources */ = {isa = PBXBuildFile; fileRef = CEC049182C2F9CCA007AE172 /* scene.swal */; };
		CEC722722BC0D60E00E54D50 /* liblua.a in Frameworks */ = {isa = PBXBuildFile; fileRef = CEC7226F2BC0D53500E54D50 /* liblua.a */; };
		CECAC72A2BBC9DE200847575 /* SWImageElement.m in Sources */ = {isa = PBXBuildFile; fileRef = CECAC7292BBC9DE200847575 /* SWImageElement.m */; };
		CECAC72C2BBCA82200847575 /* SWFlippedView.m in Sources */ = {isa = PBXBuildFile; fileRef = CECAC72B2BBCA82200847575 /* SWFlippedView.m */; };
		CECAC72F2BBCA9A500847575 /* Widget.xml in Resources */ = {isa = PBXBuildFile; fileRef = CECAC72E2BBCA9A500847575 /* Widget.xml */; };
		CECAC7312BBCAF4600847575 /* SWElementParser.m in Sources */ = {isa = PBXBuildFile; fileRef = CECAC7302BBCAF4600847575 /* SWElementParser.m */; };
		CECAC7352BBCBA4400847575 /* SWColorUtils.m in Sources */ = {isa = PBXBuildFile; fileRef = CECAC7342BBCBA4400847575 /* SWColorUtils.m */; };
		CED5185D2BBA758900FFCF81 /* SWGradientLayer.m in Sources */ = {isa = PBXBuildFile; fileRef = CED5185C2BBA758900FFCF81 /* SWGradientLayer.m */; };
		CED5185E2BBA75DB00FFCF81 /* SWNonConstrainedWindow.m in Sources */ = {isa = PBXBuildFile; fileRef = CE2517DE2BAC52DE002911B7 /* SWNonConstrainedWindow.m */; };
		CEF2247B2BC8FF58002CF258 /* SWTypes.m in Sources */ = {isa = PBXBuildFile; fileRef = CEF2247A2BC8FF58002CF258 /* SWTypes.m */; };
		CEF5EA852BBD23CC00E43FCF /* SWEventHandler.m in Sources */ = {isa = PBXBuildFile; fileRef = CEF5EA842BBD23CC00E43FCF /* SWEventHandler.m */; };
		CEFA5C722BBFB4EA00285F7D /* SWPropertyDefinition.m in Sources */ = {isa = PBXBuildFile; fileRef = CEFA5C712BBFB4EA00285F7D /* SWPropertyDefinition.m */; };
/* End PBXBuildFile section */

/* Begin PBXFileReference section */
		CE103C422B9A3C5C006C25C2 /* swallpaper.app */ = {isa = PBXFileReference; explicitFileType = wrapper.application; includeInIndex = 0; path = swallpaper.app; sourceTree = BUILT_PRODUCTS_DIR; };
		CE103C4A2B9A3C5C006C25C2 /* Assets.xcassets */ = {isa = PBXFileReference; lastKnownFileType = folder.assetcatalog; path = Assets.xcassets; sourceTree = "<group>"; };
		CE103C4F2B9A3C5C006C25C2 /* main.m */ = {isa = PBXFileReference; lastKnownFileType = sourcecode.c.objc; path = main.m; sourceTree = "<group>"; };
		CE103C512B9A3C5C006C25C2 /* swallpaper.entitlements */ = {isa = PBXFileReference; lastKnownFileType = text.plist.entitlements; path = swallpaper.entitlements; sourceTree = "<group>"; };
		CE2517DD2BAC52C2002911B7 /* SWNonConstrainedWindow.h */ = {isa = PBXFileReference; lastKnownFileType = sourcecode.c.h; path = SWNonConstrainedWindow.h; sourceTree = "<group>"; };
		CE2517DE2BAC52DE002911B7 /* SWNonConstrainedWindow.m */ = {isa = PBXFileReference; lastKnownFileType = sourcecode.c.objc; path = SWNonConstrainedWindow.m; sourceTree = "<group>"; };
		CE3D6A092BCCAB9300DB8E71 /* NSString.m */ = {isa = PBXFileReference; lastKnownFileType = sourcecode.c.objc; path = NSString.m; sourceTree = "<group>"; };
		CE3D6A0B2BCCAB9B00DB8E71 /* NSString.h */ = {isa = PBXFileReference; lastKnownFileType = sourcecode.c.h; path = NSString.h; sourceTree = "<group>"; };
		CE3D6A0C2BCCAF9100DB8E71 /* SWVector2.h */ = {isa = PBXFileReference; lastKnownFileType = sourcecode.c.h; path = SWVector2.h; sourceTree = "<group>"; };
		CE3D6A0D2BCCAFC000DB8E71 /* SWVector2.m */ = {isa = PBXFileReference; lastKnownFileType = sourcecode.c.objc; path = SWVector2.m; sourceTree = "<group>"; };
		CE3E00932BCA406F009A9270 /* NSNumber.h */ = {isa = PBXFileReference; lastKnownFileType = sourcecode.c.h; path = NSNumber.h; sourceTree = "<group>"; };
		CE3E00942BCA40C2009A9270 /* NSNumber.m */ = {isa = PBXFileReference; lastKnownFileType = sourcecode.c.objc; path = NSNumber.m; sourceTree = "<group>"; };
		CE3E00962BCA4194009A9270 /* NSValue.h */ = {isa = PBXFileReference; lastKnownFileType = sourcecode.c.h; path = NSValue.h; sourceTree = "<group>"; };
		CE3E00972BCA4238009A9270 /* NSValue.m */ = {isa = PBXFileReference; lastKnownFileType = sourcecode.c.objc; path = NSValue.m; sourceTree = "<group>"; };
		CE3FFDE02BB26E73007886AA /* swall format */ = {isa = PBXFileReference; lastKnownFileType = text; path = "swall format"; sourceTree = "<group>"; };
		CE3FFDE92BB27351007886AA /* SWScene.h */ = {isa = PBXFileReference; lastKnownFileType = sourcecode.c.h; path = SWScene.h; sourceTree = "<group>"; };
		CE3FFDEB2BB27491007886AA /* SWScene.m */ = {isa = PBXFileReference; lastKnownFileType = sourcecode.c.objc; path = SWScene.m; sourceTree = "<group>"; };
		CE3FFDEF2BB297C5007886AA /* sceneAVIOContext.h */ = {isa = PBXFileReference; lastKnownFileType = sourcecode.c.h; path = sceneAVIOContext.h; sourceTree = "<group>"; };
		CE3FFDF12BB29870007886AA /* sceneAVIOContext.c */ = {isa = PBXFileReference; lastKnownFileType = sourcecode.c.c; path = sceneAVIOContext.c; sourceTree = "<group>"; };
		CE4FDEB62B8E54BF00770C5E /* SWApplicationDelegate.h */ = {isa = PBXFileReference; lastKnownFileType = sourcecode.c.h; path = SWApplicationDelegate.h; sourceTree = "<group>"; };
		CE4FDEB72B8E54E400770C5E /* SWApplicationDelegate.m */ = {isa = PBXFileReference; lastKnownFileType = sourcecode.c.objc; path = SWApplicationDelegate.m; sourceTree = "<group>"; };
		CE5DFB792B9A3E4B005B6F2B /* CoreAudio.framework */ = {isa = PBXFileReference; lastKnownFileType = wrapper.framework; name = CoreAudio.framework; path = System/Library/Frameworks/CoreAudio.framework; sourceTree = SDKROOT; };
		CE6111EB2BBB385E0025126A /* SWTextElement.h */ = {isa = PBXFileReference; lastKnownFileType = sourcecode.c.h; path = SWTextElement.h; sourceTree = "<group>"; };
		CE6111EC2BBB386C0025126A /* SWTextElement.m */ = {isa = PBXFileReference; lastKnownFileType = sourcecode.c.objc; path = SWTextElement.m; sourceTree = "<group>"; };
		CE6111EE2BBB394E0025126A /* SWTypes.h */ = {isa = PBXFileReference; lastKnownFileType = sourcecode.c.h; path = SWTypes.h; sourceTree = "<group>"; };
		CE6111EF2BBB50FA0025126A /* SWElement.h */ = {isa = PBXFileReference; lastKnownFileType = sourcecode.c.h; path = SWElement.h; sourceTree = "<group>"; };
		CE6111F02BBB51340025126A /* SWElement.m */ = {isa = PBXFileReference; lastKnownFileType = sourcecode.c.objc; path = SWElement.m; sourceTree = "<group>"; };
		CE73811D2BBA71DE001C7273 /* SwiftUI.framework */ = {isa = PBXFileReference; lastKnownFileType = wrapper.framework; name = SwiftUI.framework; path = System/Library/Frameworks/SwiftUI.framework; sourceTree = SDKROOT; };
		CE73BA1A2B8A993500AFC334 /* SWRenderer.m */ = {isa = PBXFileReference; lastKnownFileType = sourcecode.c.objc; path = SWRenderer.m; sourceTree = "<group>"; };
		CE73BA1C2B8A996F00AFC334 /* SWRenderer.h */ = {isa = PBXFileReference; lastKnownFileType = sourcecode.c.h; path = SWRenderer.h; sourceTree = "<group>"; };
		CE73BA1D2B8A99BD00AFC334 /* SWVideoRenderer.m */ = {isa = PBXFileReference; lastKnownFileType = sourcecode.c.objc; path = SWVideoRenderer.m; sourceTree = "<group>"; };
		CE73BA1F2B8A99D100AFC334 /* SWVideoRenderer.h */ = {isa = PBXFileReference; lastKnownFileType = sourcecode.c.h; path = SWVideoRenderer.h; sourceTree = "<group>"; };
		CE73BA202B8A99E100AFC334 /* videoDecoder.h */ = {isa = PBXFileReference; lastKnownFileType = sourcecode.c.h; path = videoDecoder.h; sourceTree = "<group>"; };
		CE73BA212B8A99F400AFC334 /* videoDecoder.c */ = {isa = PBXFileReference; lastKnownFileType = sourcecode.c.c; path = videoDecoder.c; sourceTree = "<group>"; };
		CE73BA242B8A9B4100AFC334 /* libswresample.a */ = {isa = PBXFileReference; lastKnownFileType = archive.ar; name = libswresample.a; path = dependencies/ffmpeg/lib/libswresample.a; sourceTree = "<group>"; };
		CE73BA252B8A9B4100AFC334 /* libavfilter.a */ = {isa = PBXFileReference; lastKnownFileType = archive.ar; name = libavfilter.a; path = dependencies/ffmpeg/lib/libavfilter.a; sourceTree = "<group>"; };
		CE73BA262B8A9B4100AFC334 /* libavdevice.a */ = {isa = PBXFileReference; lastKnownFileType = archive.ar; name = libavdevice.a; path = dependencies/ffmpeg/lib/libavdevice.a; sourceTree = "<group>"; };
		CE73BA272B8A9B4100AFC334 /* libavformat.a */ = {isa = PBXFileReference; lastKnownFileType = archive.ar; name = libavformat.a; path = dependencies/ffmpeg/lib/libavformat.a; sourceTree = "<group>"; };
		CE73BA282B8A9B4100AFC334 /* libavcodec.a */ = {isa = PBXFileReference; lastKnownFileType = archive.ar; name = libavcodec.a; path = dependencies/ffmpeg/lib/libavcodec.a; sourceTree = "<group>"; };
		CE73BA292B8A9B4100AFC334 /* libswscale.a */ = {isa = PBXFileReference; lastKnownFileType = archive.ar; name = libswscale.a; path = dependencies/ffmpeg/lib/libswscale.a; sourceTree = "<group>"; };
		CE73BA2A2B8A9B4100AFC334 /* libavutil.a */ = {isa = PBXFileReference; lastKnownFileType = archive.ar; name = libavutil.a; path = dependencies/ffmpeg/lib/libavutil.a; sourceTree = "<group>"; };
		CE73BA322B8A9B4C00AFC334 /* libbz2_static.a */ = {isa = PBXFileReference; lastKnownFileType = archive.ar; name = libbz2_static.a; path = dependencies/bzip2/lib/libbz2_static.a; sourceTree = "<group>"; };
		CE73BA342B8A9B5500AFC334 /* libz.a */ = {isa = PBXFileReference; lastKnownFileType = archive.ar; name = libz.a; path = dependencies/zlib/lib/libz.a; sourceTree = "<group>"; };
		CE73BA362B8A9B8700AFC334 /* MetalKit.framework */ = {isa = PBXFileReference; lastKnownFileType = wrapper.framework; name = MetalKit.framework; path = System/Library/Frameworks/MetalKit.framework; sourceTree = SDKROOT; };
		CE73BA382B8A9C1E00AFC334 /* AudioToolbox.framework */ = {isa = PBXFileReference; lastKnownFileType = wrapper.framework; name = AudioToolbox.framework; path = System/Library/Frameworks/AudioToolbox.framework; sourceTree = SDKROOT; };
		CE73BA3A2B8A9C2300AFC334 /* VideoToolbox.framework */ = {isa = PBXFileReference; lastKnownFileType = wrapper.framework; name = VideoToolbox.framework; path = System/Library/Frameworks/VideoToolbox.framework; sourceTree = SDKROOT; };
		CE73BA3C2B8A9C3700AFC334 /* CoreMedia.framework */ = {isa = PBXFileReference; lastKnownFileType = wrapper.framework; name = CoreMedia.framework; path = System/Library/Frameworks/CoreMedia.framework; sourceTree = SDKROOT; };
		CE73BA3E2B8A9C4E00AFC334 /* libiconv.tbd */ = {isa = PBXFileReference; lastKnownFileType = "sourcecode.text-based-dylib-definition"; name = libiconv.tbd; path = usr/lib/libiconv.tbd; sourceTree = SDKROOT; };
		CE73BA412B8A9CEC00AFC334 /* hwvideo.metal */ = {isa = PBXFileReference; lastKnownFileType = sourcecode.metal; path = hwvideo.metal; sourceTree = "<group>"; };
		CE804E622C3143C200FF36F8 /* CoreGraphics.framework */ = {isa = PBXFileReference; lastKnownFileType = wrapper.framework; name = CoreGraphics.framework; path = System/Library/Frameworks/CoreGraphics.framework; sourceTree = SDKROOT; };
		CE804E662C31441600FF36F8 /* IOSurface.framework */ = {isa = PBXFileReference; lastKnownFileType = wrapper.framework; name = IOSurface.framework; path = System/Library/Frameworks/IOSurface.framework; sourceTree = SDKROOT; };
		CE85C8562BAC2FAF0056466B /* SWGradientLayer.h */ = {isa = PBXFileReference; lastKnownFileType = sourcecode.c.h; path = SWGradientLayer.h; sourceTree = "<group>"; };
		CE85C85B2BAC3FD90056466B /* SWWallpaper.h */ = {isa = PBXFileReference; lastKnownFileType = sourcecode.c.h; path = SWWallpaper.h; sourceTree = "<group>"; };
		CE85C85C2BAC3FE60056466B /* SWWallpaper.m */ = {isa = PBXFileReference; lastKnownFileType = sourcecode.c.objc; path = SWWallpaper.m; sourceTree = "<group>"; };
		CE9638372BC3BD3B00AA8615 /* SWScaled.h */ = {isa = PBXFileReference; lastKnownFileType = sourcecode.c.h; path = SWScaled.h; sourceTree = "<group>"; };
		CE9638392BC3BD6300AA8615 /* SWScaled.m */ = {isa = PBXFileReference; lastKnownFileType = sourcecode.c.objc; path = SWScaled.m; sourceTree = "<group>"; };
		CE96383C2BC3BF0000AA8615 /* SWLuaTypes.m */ = {isa = PBXFileReference; lastKnownFileType = sourcecode.c.objc; path = SWLuaTypes.m; sourceTree = "<group>"; };
		CE96383E2BC3BF8500AA8615 /* SWScaled2.h */ = {isa = PBXFileReference; lastKnownFileType = sourcecode.c.h; path = SWScaled2.h; sourceTree = "<group>"; };
		CE96383F2BC3C0D000AA8615 /* SWScaled2.m */ = {isa = PBXFileReference; lastKnownFileType = sourcecode.c.objc; path = SWScaled2.m; sourceTree = "<group>"; };
		CE9638412BC3C41D00AA8615 /* SWElement.h */ = {isa = PBXFileReference; lastKnownFileType = sourcecode.c.h; path = SWElement.h; sourceTree = "<group>"; };
		CE9638422BC3C44F00AA8615 /* SWElement.m */ = {isa = PBXFileReference; lastKnownFileType = sourcecode.c.objc; path = SWElement.m; sourceTree = "<group>"; };
		CE9638442BC3C66D00AA8615 /* SWLuaTypes.h */ = {isa = PBXFileReference; lastKnownFileType = sourcecode.c.h; path = SWLuaTypes.h; sourceTree = "<group>"; };
		CE9822E62BC11C2D001184F2 /* lua.h */ = {isa = PBXFileReference; lastKnownFileType = sourcecode.c.h; path = lua.h; sourceTree = "<group>"; };
		CEAA3FD12BC6B5BB0037E0DD /* SWEvent.h */ = {isa = PBXFileReference; lastKnownFileType = sourcecode.c.h; path = SWEvent.h; sourceTree = "<group>"; };
		CEAA3FD22BC6B8A50037E0DD /* SWEvent.m */ = {isa = PBXFileReference; lastKnownFileType = sourcecode.c.objc; path = SWEvent.m; sourceTree = "<group>"; };
		CEAA3FD42BC6B8AF0037E0DD /* SWEvent.h */ = {isa = PBXFileReference; lastKnownFileType = sourcecode.c.h; path = SWEvent.h; sourceTree = "<group>"; };
		CEAA3FD52BC6BB370037E0DD /* lua.m */ = {isa = PBXFileReference; lastKnownFileType = sourcecode.c.objc; path = lua.m; sourceTree = "<group>"; };
		CEAA3FD72BC6C0510037E0DD /* SWEvent.m */ = {isa = PBXFileReference; lastKnownFileType = sourcecode.c.objc; path = SWEvent.m; sourceTree = "<group>"; };
		CEAC29792BBFA58700B4DB0F /* SWPropertyDefinition.h */ = {isa = PBXFileReference; lastKnownFileType = sourcecode.c.h; path = SWPropertyDefinition.h; sourceTree = "<group>"; };
		CEB541F12BC0210A00852176 /* SWEnumParser.h */ = {isa = PBXFileReference; lastKnownFileType = sourcecode.c.h; path = SWEnumParser.h; sourceTree = "<group>"; };
		CEB541F22BC0213200852176 /* SWEnumParser.m */ = {isa = PBXFileReference; lastKnownFileType = sourcecode.c.objc; path = SWEnumParser.m; sourceTree = "<group>"; };
		CEC049182C2F9CCA007AE172 /* scene.swal */ = {isa = PBXFileReference; lastKnownFileType = file; path = scene.swal; sourceTree = "<group>"; };
		CEC7226F2BC0D53500E54D50 /* liblua.a */ = {isa = PBXFileReference; lastKnownFileType = archive.ar; name = liblua.a; path = dependencies/lua/lib/liblua.a; sourceTree = "<group>"; };
		CEC722702BC0D5ED00E54D50 /* Widget.lua */ = {isa = PBXFileReference; lastKnownFileType = text; path = Widget.lua; sourceTree = "<group>"; };
		CECAC7282BBC9DB500847575 /* SWImageElement.h */ = {isa = PBXFileReference; lastKnownFileType = sourcecode.c.h; path = SWImageElement.h; sourceTree = "<group>"; };
		CECAC7292BBC9DE200847575 /* SWImageElement.m */ = {isa = PBXFileReference; lastKnownFileType = sourcecode.c.objc; path = SWImageElement.m; sourceTree = "<group>"; };
		CECAC72B2BBCA82200847575 /* SWFlippedView.m */ = {isa = PBXFileReference; lastKnownFileType = sourcecode.c.objc; path = SWFlippedView.m; sourceTree = "<group>"; };
		CECAC72D2BBCA83200847575 /* SWFlippedView.h */ = {isa = PBXFileReference; lastKnownFileType = sourcecode.c.h; path = SWFlippedView.h; sourceTree = "<group>"; };
		CECAC72E2BBCA9A500847575 /* Widget.xml */ = {isa = PBXFileReference; lastKnownFileType = text.xml; path = Widget.xml; sourceTree = "<group>"; };
		CECAC7302BBCAF4600847575 /* SWElementParser.m */ = {isa = PBXFileReference; lastKnownFileType = sourcecode.c.objc; path = SWElementParser.m; sourceTree = "<group>"; };
		CECAC7322BBCAF5200847575 /* SWElementParser.h */ = {isa = PBXFileReference; lastKnownFileType = sourcecode.c.h; path = SWElementParser.h; sourceTree = "<group>"; };
		CECAC7332BBCB9F700847575 /* SWColorUtils.h */ = {isa = PBXFileReference; lastKnownFileType = sourcecode.c.h; path = SWColorUtils.h; sourceTree = "<group>"; };
		CECAC7342BBCBA4400847575 /* SWColorUtils.m */ = {isa = PBXFileReference; lastKnownFileType = sourcecode.c.objc; path = SWColorUtils.m; sourceTree = "<group>"; };
		CED5185C2BBA758900FFCF81 /* SWGradientLayer.m */ = {isa = PBXFileReference; lastKnownFileType = sourcecode.c.objc; path = SWGradientLayer.m; sourceTree = "<group>"; };
		CEE51C802B8D6A290019851F /* SWMenuBar.m */ = {isa = PBXFileReference; lastKnownFileType = sourcecode.c.objc; path = SWMenuBar.m; sourceTree = "<group>"; };
		CEE51C822B8D6A350019851F /* SWMenuBar.h */ = {isa = PBXFileReference; lastKnownFileType = sourcecode.c.h; path = SWMenuBar.h; sourceTree = "<group>"; };
		CEF2247A2BC8FF58002CF258 /* SWTypes.m */ = {isa = PBXFileReference; lastKnownFileType = sourcecode.c.objc; path = SWTypes.m; sourceTree = "<group>"; };
		CEF5EA842BBD23CC00E43FCF /* SWEventHandler.m */ = {isa = PBXFileReference; lastKnownFileType = sourcecode.c.objc; path = SWEventHandler.m; sourceTree = "<group>"; };
		CEF5EA862BBD23DA00E43FCF /* SWEventHandler.h */ = {isa = PBXFileReference; lastKnownFileType = sourcecode.c.h; path = SWEventHandler.h; sourceTree = "<group>"; };
		CEF629EA2B96B5DC00046894 /* CoreVideo.framework */ = {isa = PBXFileReference; lastKnownFileType = wrapper.framework; name = CoreVideo.framework; path = System/Library/Frameworks/CoreVideo.framework; sourceTree = SDKROOT; };
		CEF629EC2B96B60900046894 /* ApplicationServices.framework */ = {isa = PBXFileReference; lastKnownFileType = wrapper.framework; name = ApplicationServices.framework; path = System/Library/Frameworks/ApplicationServices.framework; sourceTree = SDKROOT; };
		CEF629EE2B96B63600046894 /* AppKit.framework */ = {isa = PBXFileReference; lastKnownFileType = wrapper.framework; name = AppKit.framework; path = System/Library/Frameworks/AppKit.framework; sourceTree = SDKROOT; };
		CEF629F02B96B64D00046894 /* Metal.framework */ = {isa = PBXFileReference; lastKnownFileType = wrapper.framework; name = Metal.framework; path = System/Library/Frameworks/Metal.framework; sourceTree = SDKROOT; };
		CEF629F22B96B66400046894 /* QuartzCore.framework */ = {isa = PBXFileReference; lastKnownFileType = wrapper.framework; name = QuartzCore.framework; path = System/Library/Frameworks/QuartzCore.framework; sourceTree = SDKROOT; };
		CEF629F42B96B68300046894 /* Security.framework */ = {isa = PBXFileReference; lastKnownFileType = wrapper.framework; name = Security.framework; path = System/Library/Frameworks/Security.framework; sourceTree = SDKROOT; };
		CEFA5C712BBFB4EA00285F7D /* SWPropertyDefinition.m */ = {isa = PBXFileReference; lastKnownFileType = sourcecode.c.objc; path = SWPropertyDefinition.m; sourceTree = "<group>"; };
/* End PBXFileReference section */

/* Begin PBXFrameworksBuildPhase section */
		CE103C3F2B9A3C5C006C25C2 /* Frameworks */ = {
			isa = PBXFrameworksBuildPhase;
			buildActionMask = 2147483647;
			files = (
				CE804E652C3143F800FF36F8 /* QuartzCore.framework in Frameworks */,
				CE5DFB7D2B9A3E5C005B6F2B /* CoreMedia.framework in Frameworks */,
				CE804E642C3143CB00FF36F8 /* AppKit.framework in Frameworks */,
				CE5DFB7C2B9A3E54005B6F2B /* VideoToolbox.framework in Frameworks */,
				CE5DFB7F2B9A3E81005B6F2B /* AudioToolbox.framework in Frameworks */,
				CEC722722BC0D60E00E54D50 /* liblua.a in Frameworks */,
				CE5DFB7A2B9A3E4B005B6F2B /* CoreAudio.framework in Frameworks */,
				CE5DFB782B9A3E47005B6F2B /* CoreVideo.framework in Frameworks */,
				CE5DFB772B9A3E3C005B6F2B /* libz.a in Frameworks */,
				CE5DFB742B9A3E33005B6F2B /* libavutil.a in Frameworks */,
				CE5DFB722B9A3E33005B6F2B /* libavfilter.a in Frameworks */,
				CE5DFB6F2B9A3E28005B6F2B /* libbz2_static.a in Frameworks */,
				CE804E692C31444E00FF36F8 /* Metal.framework in Frameworks */,
				CE5DFB712B9A3E33005B6F2B /* libavdevice.a in Frameworks */,
				CE804E682C31442900FF36F8 /* Security.framework in Frameworks */,
				CE804E632C3143C200FF36F8 /* CoreGraphics.framework in Frameworks */,
				CE5DFB762B9A3E33005B6F2B /* libswscale.a in Frameworks */,
				CE5DFB702B9A3E33005B6F2B /* libavcodec.a in Frameworks */,
				CE5DFB752B9A3E33005B6F2B /* libswresample.a in Frameworks */,
				CE804E672C31441600FF36F8 /* IOSurface.framework in Frameworks */,
				CE5DFB732B9A3E33005B6F2B /* libavformat.a in Frameworks */,
				CE5DFB7E2B9A3E64005B6F2B /* libiconv.tbd in Frameworks */,
			);
			runOnlyForDeploymentPostprocessing = 0;
		};
/* End PBXFrameworksBuildPhase section */

/* Begin PBXGroup section */
		CE103C432B9A3C5C006C25C2 /* swallpaper */ = {
			isa = PBXGroup;
			children = (
				CEC049182C2F9CCA007AE172 /* scene.swal */,
				CE73BA402B8A9CDD00AFC334 /* shaders */,
				CE73BA172B8A991500AFC334 /* include */,
				CE73BA152B8A98FC00AFC334 /* src */,
				CE103C4A2B9A3C5C006C25C2 /* Assets.xcassets */,
				CE103C4F2B9A3C5C006C25C2 /* main.m */,
				CE103C512B9A3C5C006C25C2 /* swallpaper.entitlements */,
				CE3FFDE02BB26E73007886AA /* swall format */,
				CECAC72E2BBCA9A500847575 /* Widget.xml */,
				CEC722702BC0D5ED00E54D50 /* Widget.lua */,
			);
			path = swallpaper;
			sourceTree = "<group>";
		};
		CE6111E92BBB38460025126A /* elements */ = {
			isa = PBXGroup;
			children = (
				CE6111EC2BBB386C0025126A /* SWTextElement.m */,
				CE6111F02BBB51340025126A /* SWElement.m */,
				CECAC7292BBC9DE200847575 /* SWImageElement.m */,
				CEF5EA842BBD23CC00E43FCF /* SWEventHandler.m */,
				CEAA3FD72BC6C0510037E0DD /* SWEvent.m */,
				CEF2247A2BC8FF58002CF258 /* SWTypes.m */,
			);
			path = elements;
			sourceTree = "<group>";
		};
		CE6111EA2BBB38520025126A /* elements */ = {
			isa = PBXGroup;
			children = (
				CE6111EB2BBB385E0025126A /* SWTextElement.h */,
				CE6111EE2BBB394E0025126A /* SWTypes.h */,
				CE6111EF2BBB50FA0025126A /* SWElement.h */,
				CECAC7282BBC9DB500847575 /* SWImageElement.h */,
				CEF5EA862BBD23DA00E43FCF /* SWEventHandler.h */,
				CEAA3FD12BC6B5BB0037E0DD /* SWEvent.h */,
			);
			path = elements;
			sourceTree = "<group>";
		};
		CE73BA022B8A98D200AFC334 = {
			isa = PBXGroup;
			children = (
				CE103C432B9A3C5C006C25C2 /* swallpaper */,
				CE73BA0C2B8A98D200AFC334 /* Products */,
				CE73BA232B8A9B4000AFC334 /* Frameworks */,
			);
			sourceTree = "<group>";
		};
		CE73BA0C2B8A98D200AFC334 /* Products */ = {
			isa = PBXGroup;
			children = (
				CE103C422B9A3C5C006C25C2 /* swallpaper.app */,
			);
			name = Products;
			sourceTree = "<group>";
		};
		CE73BA152B8A98FC00AFC334 /* src */ = {
			isa = PBXGroup;
			children = (
				CEAC29762BBFA42400B4DB0F /* scripting */,
				CE6111E92BBB38460025126A /* elements */,
				CE85C8592BAC3F310056466B /* decoding */,
				CE73BA192B8A992700AFC334 /* rendering */,
				CEE51C802B8D6A290019851F /* SWMenuBar.m */,
				CE4FDEB72B8E54E400770C5E /* SWApplicationDelegate.m */,
				CE85C85C2BAC3FE60056466B /* SWWallpaper.m */,
				CE2517DE2BAC52DE002911B7 /* SWNonConstrainedWindow.m */,
				CE3FFDEB2BB27491007886AA /* SWScene.m */,
				CED5185C2BBA758900FFCF81 /* SWGradientLayer.m */,
				CECAC72B2BBCA82200847575 /* SWFlippedView.m */,
				CECAC7342BBCBA4400847575 /* SWColorUtils.m */,
			);
			path = src;
			sourceTree = "<group>";
		};
		CE73BA172B8A991500AFC334 /* include */ = {
			isa = PBXGroup;
			children = (
				CEAC29752BBFA42000B4DB0F /* scripting */,
				CE6111EA2BBB38520025126A /* elements */,
				CE85C85A2BAC3F3C0056466B /* decoding */,
				CE73BA182B8A991F00AFC334 /* rendering */,
				CE3FFDE92BB27351007886AA /* SWScene.h */,
				CEE51C822B8D6A350019851F /* SWMenuBar.h */,
				CE4FDEB62B8E54BF00770C5E /* SWApplicationDelegate.h */,
				CE85C8562BAC2FAF0056466B /* SWGradientLayer.h */,
				CE85C85B2BAC3FD90056466B /* SWWallpaper.h */,
				CE2517DD2BAC52C2002911B7 /* SWNonConstrainedWindow.h */,
				CECAC72D2BBCA83200847575 /* SWFlippedView.h */,
				CECAC7332BBCB9F700847575 /* SWColorUtils.h */,
			);
			path = include;
			sourceTree = "<group>";
		};
		CE73BA182B8A991F00AFC334 /* rendering */ = {
			isa = PBXGroup;
			children = (
				CE73BA1C2B8A996F00AFC334 /* SWRenderer.h */,
				CE73BA1F2B8A99D100AFC334 /* SWVideoRenderer.h */,
			);
			path = rendering;
			sourceTree = "<group>";
		};
		CE73BA192B8A992700AFC334 /* rendering */ = {
			isa = PBXGroup;
			children = (
				CE73BA1A2B8A993500AFC334 /* SWRenderer.m */,
				CE73BA1D2B8A99BD00AFC334 /* SWVideoRenderer.m */,
			);
			path = rendering;
			sourceTree = "<group>";
		};
		CE73BA232B8A9B4000AFC334 /* Frameworks */ = {
			isa = PBXGroup;
			children = (
				CE804E662C31441600FF36F8 /* IOSurface.framework */,
				CE804E622C3143C200FF36F8 /* CoreGraphics.framework */,
				CEC7226F2BC0D53500E54D50 /* liblua.a */,
				CE73811D2BBA71DE001C7273 /* SwiftUI.framework */,
				CE5DFB792B9A3E4B005B6F2B /* CoreAudio.framework */,
				CEF629F42B96B68300046894 /* Security.framework */,
				CEF629F22B96B66400046894 /* QuartzCore.framework */,
				CEF629F02B96B64D00046894 /* Metal.framework */,
				CEF629EE2B96B63600046894 /* AppKit.framework */,
				CEF629EC2B96B60900046894 /* ApplicationServices.framework */,
				CEF629EA2B96B5DC00046894 /* CoreVideo.framework */,
				CE73BA3E2B8A9C4E00AFC334 /* libiconv.tbd */,
				CE73BA3C2B8A9C3700AFC334 /* CoreMedia.framework */,
				CE73BA3A2B8A9C2300AFC334 /* VideoToolbox.framework */,
				CE73BA382B8A9C1E00AFC334 /* AudioToolbox.framework */,
				CE73BA362B8A9B8700AFC334 /* MetalKit.framework */,
				CE73BA342B8A9B5500AFC334 /* libz.a */,
				CE73BA322B8A9B4C00AFC334 /* libbz2_static.a */,
				CE73BA282B8A9B4100AFC334 /* libavcodec.a */,
				CE73BA262B8A9B4100AFC334 /* libavdevice.a */,
				CE73BA252B8A9B4100AFC334 /* libavfilter.a */,
				CE73BA272B8A9B4100AFC334 /* libavformat.a */,
				CE73BA2A2B8A9B4100AFC334 /* libavutil.a */,
				CE73BA242B8A9B4100AFC334 /* libswresample.a */,
				CE73BA292B8A9B4100AFC334 /* libswscale.a */,
			);
			name = Frameworks;
			sourceTree = "<group>";
		};
		CE73BA402B8A9CDD00AFC334 /* shaders */ = {
			isa = PBXGroup;
			children = (
				CE73BA412B8A9CEC00AFC334 /* hwvideo.metal */,
			);
			path = shaders;
			sourceTree = "<group>";
		};
		CE85C8592BAC3F310056466B /* decoding */ = {
			isa = PBXGroup;
			children = (
				CE73BA212B8A99F400AFC334 /* videoDecoder.c */,
				CE3FFDF12BB29870007886AA /* sceneAVIOContext.c */,
			);
			path = decoding;
			sourceTree = "<group>";
		};
		CE85C85A2BAC3F3C0056466B /* decoding */ = {
			isa = PBXGroup;
			children = (
				CE73BA202B8A99E100AFC334 /* videoDecoder.h */,
				CE3FFDEF2BB297C5007886AA /* sceneAVIOContext.h */,
			);
			path = decoding;
			sourceTree = "<group>";
		};
		CE9638362BC3BD2000AA8615 /* types */ = {
			isa = PBXGroup;
			children = (
				CE9638372BC3BD3B00AA8615 /* SWScaled.h */,
				CE96383E2BC3BF8500AA8615 /* SWScaled2.h */,
				CE9638412BC3C41D00AA8615 /* SWElement.h */,
				CE9638442BC3C66D00AA8615 /* SWLuaTypes.h */,
				CEAA3FD42BC6B8AF0037E0DD /* SWEvent.h */,
				CE3E00932BCA406F009A9270 /* NSNumber.h */,
				CE3E00962BCA4194009A9270 /* NSValue.h */,
				CE3D6A0B2BCCAB9B00DB8E71 /* NSString.h */,
				CE3D6A0C2BCCAF9100DB8E71 /* SWVector2.h */,
			);
			path = types;
			sourceTree = "<group>";
		};
		CE9638382BC3BD5300AA8615 /* types */ = {
			isa = PBXGroup;
			children = (
				CE9638392BC3BD6300AA8615 /* SWScaled.m */,
				CE96383C2BC3BF0000AA8615 /* SWLuaTypes.m */,
				CE96383F2BC3C0D000AA8615 /* SWScaled2.m */,
				CE9638422BC3C44F00AA8615 /* SWElement.m */,
				CEAA3FD22BC6B8A50037E0DD /* SWEvent.m */,
				CE3E00942BCA40C2009A9270 /* NSNumber.m */,
				CE3E00972BCA4238009A9270 /* NSValue.m */,
				CE3D6A092BCCAB9300DB8E71 /* NSString.m */,
				CE3D6A0D2BCCAFC000DB8E71 /* SWVector2.m */,
			);
			path = types;
			sourceTree = "<group>";
		};
		CEAC29752BBFA42000B4DB0F /* scripting */ = {
			isa = PBXGroup;
			children = (
				CE9638362BC3BD2000AA8615 /* types */,
				CEAC29792BBFA58700B4DB0F /* SWPropertyDefinition.h */,
				CECAC7322BBCAF5200847575 /* SWElementParser.h */,
				CEB541F12BC0210A00852176 /* SWEnumParser.h */,
				CE9822E62BC11C2D001184F2 /* lua.h */,
			);
			path = scripting;
			sourceTree = "<group>";
		};
		CEAC29762BBFA42400B4DB0F /* scripting */ = {
			isa = PBXGroup;
			children = (
				CE9638382BC3BD5300AA8615 /* types */,
				CECAC7302BBCAF4600847575 /* SWElementParser.m */,
				CEFA5C712BBFB4EA00285F7D /* SWPropertyDefinition.m */,
				CEB541F22BC0213200852176 /* SWEnumParser.m */,
				CEAA3FD52BC6BB370037E0DD /* lua.m */,
			);
			path = scripting;
			sourceTree = "<group>";
		};
/* End PBXGroup section */

/* Begin PBXNativeTarget section */
		CE103C412B9A3C5C006C25C2 /* swallpaper */ = {
			isa = PBXNativeTarget;
			buildConfigurationList = CE103C522B9A3C5C006C25C2 /* Build configuration list for PBXNativeTarget "swallpaper" */;
			buildPhases = (
				CE103C3E2B9A3C5C006C25C2 /* Sources */,
				CE103C3F2B9A3C5C006C25C2 /* Frameworks */,
				CE103C402B9A3C5C006C25C2 /* Resources */,
			);
			buildRules = (
			);
			dependencies = (
			);
			name = swallpaper;
			packageProductDependencies = (
			);
			productName = swallpaper;
			productReference = CE103C422B9A3C5C006C25C2 /* swallpaper.app */;
			productType = "com.apple.product-type.application";
		};
/* End PBXNativeTarget section */

/* Begin PBXProject section */
		CE73BA032B8A98D200AFC334 /* Project object */ = {
			isa = PBXProject;
			attributes = {
				BuildIndependentTargetsInParallel = 1;
				LastSwiftUpdateCheck = 1530;
				LastUpgradeCheck = 1530;
				TargetAttributes = {
					CE103C412B9A3C5C006C25C2 = {
						CreatedOnToolsVersion = 15.3;
						LastSwiftMigration = 1530;
					};
				};
			};
			buildConfigurationList = CE73BA062B8A98D200AFC334 /* Build configuration list for PBXProject "swallpaper" */;
			compatibilityVersion = "Xcode 14.0";
			developmentRegion = en;
			hasScannedForEncodings = 0;
			knownRegions = (
				en,
				Base,
			);
			mainGroup = CE73BA022B8A98D200AFC334;
			packageReferences = (
			);
			productRefGroup = CE73BA0C2B8A98D200AFC334 /* Products */;
			projectDirPath = "";
			projectRoot = "";
			targets = (
				CE103C412B9A3C5C006C25C2 /* swallpaper */,
			);
		};
/* End PBXProject section */

/* Begin PBXResourcesBuildPhase section */
		CE103C402B9A3C5C006C25C2 /* Resources */ = {
			isa = PBXResourcesBuildPhase;
			buildActionMask = 2147483647;
			files = (
				CE3FFDE12BB26E73007886AA /* swall format in Resources */,
				CE103C4B2B9A3C5C006C25C2 /* Assets.xcassets in Resources */,
				CEC049192C2F9CCA007AE172 /* scene.swal in Resources */,
				CECAC72F2BBCA9A500847575 /* Widget.xml in Resources */,
			);
			runOnlyForDeploymentPostprocessing = 0;
		};
/* End PBXResourcesBuildPhase section */

/* Begin PBXSourcesBuildPhase section */
		CE103C3E2B9A3C5C006C25C2 /* Sources */ = {
			isa = PBXSourcesBuildPhase;
			buildActionMask = 2147483647;
			files = (
				CE3FFDF22BB29870007886AA /* sceneAVIOContext.c in Sources */,
				CE3E00982BCA4238009A9270 /* NSValue.m in Sources */,
				CE3D6A0E2BCCAFC000DB8E71 /* SWVector2.m in Sources */,
				CE3E00952BCA40C2009A9270 /* NSNumber.m in Sources */,
				CE5DFB6E2B9A3E13005B6F2B /* hwvideo.metal in Sources */,
				CE5DFB682B9A3DFD005B6F2B /* main.m in Sources */,
				CEB541F32BC0213200852176 /* SWEnumParser.m in Sources */,
				CE5DFB692B9A3E08005B6F2B /* videoDecoder.c in Sources */,
				CEF5EA852BBD23CC00E43FCF /* SWEventHandler.m in Sources */,
				CE5DFB6A2B9A3E08005B6F2B /* SWMenuBar.m in Sources */,
				CE5DFB6B2B9A3E08005B6F2B /* SWApplicationDelegate.m in Sources */,
				CEAA3FD32BC6B8A50037E0DD /* SWEvent.m in Sources */,
				CED5185E2BBA75DB00FFCF81 /* SWNonConstrainedWindow.m in Sources */,
				CE96383A2BC3BD6300AA8615 /* SWScaled.m in Sources */,
				CE6111ED2BBB386C0025126A /* SWTextElement.m in Sources */,
				CE6111F12BBB51340025126A /* SWElement.m in Sources */,
				CE5DFB6C2B9A3E10005B6F2B /* SWRenderer.m in Sources */,
				CECAC7312BBCAF4600847575 /* SWElementParser.m in Sources */,
				CEFA5C722BBFB4EA00285F7D /* SWPropertyDefinition.m in Sources */,
				CEAA3FD82BC6C0510037E0DD /* SWEvent.m in Sources */,
				CE85C85D2BAC3FE60056466B /* SWWallpaper.m in Sources */,
				CECAC72C2BBCA82200847575 /* SWFlippedView.m in Sources */,
				CE96383D2BC3BF0000AA8615 /* SWLuaTypes.m in Sources */,
				CED5185D2BBA758900FFCF81 /* SWGradientLayer.m in Sources */,
				CE9638432BC3C44F00AA8615 /* SWElement.m in Sources */,
				CE3FFDEC2BB27491007886AA /* SWScene.m in Sources */,
				CE9638402BC3C0D000AA8615 /* SWScaled2.m in Sources */,
				CEF2247B2BC8FF58002CF258 /* SWTypes.m in Sources */,
				CECAC7352BBCBA4400847575 /* SWColorUtils.m in Sources */,
				CECAC72A2BBC9DE200847575 /* SWImageElement.m in Sources */,
				CEAA3FD62BC6BB370037E0DD /* lua.m in Sources */,
				CE5DFB6D2B9A3E10005B6F2B /* SWVideoRenderer.m in Sources */,
				CE3D6A0A2BCCAB9300DB8E71 /* NSString.m in Sources */,
			);
			runOnlyForDeploymentPostprocessing = 0;
		};
/* End PBXSourcesBuildPhase section */

/* Begin XCBuildConfiguration section */
		CE103C532B9A3C5C006C25C2 /* Debug */ = {
			isa = XCBuildConfiguration;
			buildSettings = {
				ASSETCATALOG_COMPILER_APPICON_NAME = AppIcon;
				ASSETCATALOG_COMPILER_GLOBAL_ACCENT_COLOR_NAME = AccentColor;
				ASSETCATALOG_COMPILER_INCLUDE_ALL_APPICON_ASSETS = NO;
				CLANG_ALLOW_NON_MODULAR_INCLUDES_IN_FRAMEWORK_MODULES = NO;
				CLANG_ENABLE_MODULES = NO;
				CODE_SIGN_ENTITLEMENTS = swallpaper/swallpaper.entitlements;
				CODE_SIGN_STYLE = Automatic;
				COMBINE_HIDPI_IMAGES = YES;
				CURRENT_PROJECT_VERSION = 1;
				DEAD_CODE_STRIPPING = YES;
				DEVELOPMENT_TEAM = RD9S3523V8;
				ENABLE_HARDENED_RUNTIME = YES;
				GCC_INPUT_FILETYPE = automatic;
				GCC_NO_COMMON_BLOCKS = YES;
				GENERATE_INFOPLIST_FILE = YES;
				HEADER_SEARCH_PATHS = (
					swallpaper/include,
					"dependencies/**",
				);
				INFOPLIST_KEY_CFBundleDisplayName = Swallpaper;
				INFOPLIST_KEY_LSApplicationCategoryType = "public.app-category.utilities";
				INFOPLIST_KEY_LSUIElement = YES;
				INFOPLIST_KEY_NSHumanReadableCopyright = "";
				INFOPLIST_KEY_NSMainStoryboardFile = Main;
				INFOPLIST_KEY_NSPrincipalClass = NSApplication;
				LD_RUNPATH_SEARCH_PATHS = (
					"$(inherited)",
					"@executable_path/../Frameworks",
				);
				LIBRARY_SEARCH_PATHS = (
					"$(inherited)",
					"$(PROJECT_DIR)/dependencies/bzip2/lib",
					"$(PROJECT_DIR)/dependencies/ffmpeg/lib",
					"$(PROJECT_DIR)/dependencies/zlib/lib",
					"$(PROJECT_DIR)/dependencies/lua/lib",
				);
				MACOSX_DEPLOYMENT_TARGET = "$(RECOMMENDED_MACOSX_DEPLOYMENT_TARGET)";
				MARKETING_VERSION = 1.0;
				OTHER_CODE_SIGN_FLAGS = "";
				PRODUCT_BUNDLE_IDENTIFIER = com.syntad.swallpaper;
				PRODUCT_NAME = "$(TARGET_NAME)";
				SWIFT_EMIT_LOC_STRINGS = YES;
				SWIFT_INSTALL_MODULE = YES;
				SWIFT_OBJC_BRIDGING_HEADER = "swallpaper/ui/swallpaper-Bridging-Header.h";
				SWIFT_OPTIMIZATION_LEVEL = "-Onone";
				SWIFT_VERSION = 5.0;
			};
			name = Debug;
		};
		CE103C542B9A3C5C006C25C2 /* Release */ = {
			isa = XCBuildConfiguration;
			buildSettings = {
				ASSETCATALOG_COMPILER_APPICON_NAME = AppIcon;
				ASSETCATALOG_COMPILER_GLOBAL_ACCENT_COLOR_NAME = AccentColor;
				ASSETCATALOG_COMPILER_INCLUDE_ALL_APPICON_ASSETS = NO;
				CLANG_ALLOW_NON_MODULAR_INCLUDES_IN_FRAMEWORK_MODULES = NO;
				CLANG_ENABLE_MODULES = NO;
				CODE_SIGN_ENTITLEMENTS = swallpaper/swallpaper.entitlements;
				CODE_SIGN_STYLE = Automatic;
				COMBINE_HIDPI_IMAGES = YES;
				CURRENT_PROJECT_VERSION = 1;
				DEAD_CODE_STRIPPING = YES;
				DEVELOPMENT_TEAM = RD9S3523V8;
				ENABLE_HARDENED_RUNTIME = YES;
				GCC_INPUT_FILETYPE = automatic;
				GCC_NO_COMMON_BLOCKS = YES;
				GENERATE_INFOPLIST_FILE = YES;
				HEADER_SEARCH_PATHS = (
					swallpaper/include,
					"dependencies/**",
				);
				INFOPLIST_KEY_CFBundleDisplayName = Swallpaper;
				INFOPLIST_KEY_LSApplicationCategoryType = "public.app-category.utilities";
				INFOPLIST_KEY_LSUIElement = YES;
				INFOPLIST_KEY_NSHumanReadableCopyright = "";
				INFOPLIST_KEY_NSMainStoryboardFile = Main;
				INFOPLIST_KEY_NSPrincipalClass = NSApplication;
				LD_RUNPATH_SEARCH_PATHS = (
					"$(inherited)",
					"@executable_path/../Frameworks",
				);
				LIBRARY_SEARCH_PATHS = (
					"$(inherited)",
					"$(PROJECT_DIR)/dependencies/bzip2/lib",
					"$(PROJECT_DIR)/dependencies/ffmpeg/lib",
					"$(PROJECT_DIR)/dependencies/zlib/lib",
					"$(PROJECT_DIR)/dependencies/lua/lib",
				);
				MACOSX_DEPLOYMENT_TARGET = "$(RECOMMENDED_MACOSX_DEPLOYMENT_TARGET)";
				MARKETING_VERSION = 1.0;
				OTHER_CODE_SIGN_FLAGS = "";
				PRODUCT_BUNDLE_IDENTIFIER = com.syntad.swallpaper;
				PRODUCT_NAME = "$(TARGET_NAME)";
				SWIFT_EMIT_LOC_STRINGS = YES;
				SWIFT_INSTALL_MODULE = YES;
				SWIFT_OBJC_BRIDGING_HEADER = "swallpaper/ui/swallpaper-Bridging-Header.h";
				SWIFT_VERSION = 5.0;
			};
			name = Release;
		};
		CE73BA102B8A98D200AFC334 /* Debug */ = {
			isa = XCBuildConfiguration;
			buildSettings = {
				ALWAYS_SEARCH_USER_PATHS = NO;
				ASSETCATALOG_COMPILER_GENERATE_SWIFT_ASSET_SYMBOL_EXTENSIONS = YES;
				CLANG_ANALYZER_NONNULL = YES;
				CLANG_ANALYZER_NUMBER_OBJECT_CONVERSION = YES_AGGRESSIVE;
				CLANG_CXX_LANGUAGE_STANDARD = "gnu++20";
				CLANG_ENABLE_MODULES = YES;
				CLANG_ENABLE_OBJC_ARC = YES;
				CLANG_ENABLE_OBJC_WEAK = YES;
				CLANG_WARN_BLOCK_CAPTURE_AUTORELEASING = YES;
				CLANG_WARN_BOOL_CONVERSION = YES;
				CLANG_WARN_COMMA = YES;
				CLANG_WARN_CONSTANT_CONVERSION = YES;
				CLANG_WARN_DEPRECATED_OBJC_IMPLEMENTATIONS = YES;
				CLANG_WARN_DIRECT_OBJC_ISA_USAGE = YES_ERROR;
				CLANG_WARN_DOCUMENTATION_COMMENTS = YES;
				CLANG_WARN_EMPTY_BODY = YES;
				CLANG_WARN_ENUM_CONVERSION = YES;
				CLANG_WARN_INFINITE_RECURSION = YES;
				CLANG_WARN_INT_CONVERSION = YES;
				CLANG_WARN_NON_LITERAL_NULL_CONVERSION = YES;
				CLANG_WARN_OBJC_IMPLICIT_RETAIN_SELF = YES;
				CLANG_WARN_OBJC_LITERAL_CONVERSION = YES;
				CLANG_WARN_OBJC_ROOT_CLASS = YES_ERROR;
				CLANG_WARN_QUOTED_INCLUDE_IN_FRAMEWORK_HEADER = YES;
				CLANG_WARN_RANGE_LOOP_ANALYSIS = YES;
				CLANG_WARN_STRICT_PROTOTYPES = YES;
				CLANG_WARN_SUSPICIOUS_MOVE = YES;
				CLANG_WARN_UNGUARDED_AVAILABILITY = YES_AGGRESSIVE;
				CLANG_WARN_UNREACHABLE_CODE = YES;
				CLANG_WARN__DUPLICATE_METHOD_MATCH = YES;
				COPY_PHASE_STRIP = NO;
				DEAD_CODE_STRIPPING = YES;
				DEBUG_INFORMATION_FORMAT = dwarf;
				ENABLE_STRICT_OBJC_MSGSEND = YES;
				ENABLE_TESTABILITY = YES;
				ENABLE_USER_SCRIPT_SANDBOXING = YES;
				GCC_C_LANGUAGE_STANDARD = gnu17;
				GCC_DYNAMIC_NO_PIC = NO;
				GCC_NO_COMMON_BLOCKS = YES;
				GCC_OPTIMIZATION_LEVEL = 0;
				GCC_PREPROCESSOR_DEFINITIONS = (
					"DEBUG=1",
					"$(inherited)",
				);
				GCC_WARN_64_TO_32_BIT_CONVERSION = YES;
				GCC_WARN_ABOUT_RETURN_TYPE = YES_ERROR;
				GCC_WARN_UNDECLARED_SELECTOR = YES;
				GCC_WARN_UNINITIALIZED_AUTOS = YES_AGGRESSIVE;
				GCC_WARN_UNUSED_FUNCTION = YES;
				GCC_WARN_UNUSED_VARIABLE = YES;
				HEADER_SEARCH_PATHS = (
					swallpaper/include,
					"dependencies/**",
				);
				INFOPLIST_KEY_LSUIElement = YES;
				LOCALIZATION_PREFERS_STRING_CATALOGS = YES;
				MACOSX_DEPLOYMENT_TARGET = "$(RECOMMENDED_MACOSX_DEPLOYMENT_TARGET)";
				MTL_ENABLE_DEBUG_INFO = INCLUDE_SOURCE;
				MTL_FAST_MATH = YES;
				ONLY_ACTIVE_ARCH = YES;
				SDKROOT = macosx;
				SWIFT_VERSION = "";
				WARNING_CFLAGS = "-Wpartial-availability";
			};
			name = Debug;
		};
		CE73BA112B8A98D200AFC334 /* Release */ = {
			isa = XCBuildConfiguration;
			buildSettings = {
				ALWAYS_SEARCH_USER_PATHS = NO;
				ASSETCATALOG_COMPILER_GENERATE_SWIFT_ASSET_SYMBOL_EXTENSIONS = YES;
				CLANG_ANALYZER_NONNULL = YES;
				CLANG_ANALYZER_NUMBER_OBJECT_CONVERSION = YES_AGGRESSIVE;
				CLANG_CXX_LANGUAGE_STANDARD = "gnu++20";
				CLANG_ENABLE_MODULES = YES;
				CLANG_ENABLE_OBJC_ARC = YES;
				CLANG_ENABLE_OBJC_WEAK = YES;
				CLANG_WARN_BLOCK_CAPTURE_AUTORELEASING = YES;
				CLANG_WARN_BOOL_CONVERSION = YES;
				CLANG_WARN_COMMA = YES;
				CLANG_WARN_CONSTANT_CONVERSION = YES;
				CLANG_WARN_DEPRECATED_OBJC_IMPLEMENTATIONS = YES;
				CLANG_WARN_DIRECT_OBJC_ISA_USAGE = YES_ERROR;
				CLANG_WARN_DOCUMENTATION_COMMENTS = YES;
				CLANG_WARN_EMPTY_BODY = YES;
				CLANG_WARN_ENUM_CONVERSION = YES;
				CLANG_WARN_INFINITE_RECURSION = YES;
				CLANG_WARN_INT_CONVERSION = YES;
				CLANG_WARN_NON_LITERAL_NULL_CONVERSION = YES;
				CLANG_WARN_OBJC_IMPLICIT_RETAIN_SELF = YES;
				CLANG_WARN_OBJC_LITERAL_CONVERSION = YES;
				CLANG_WARN_OBJC_ROOT_CLASS = YES_ERROR;
				CLANG_WARN_QUOTED_INCLUDE_IN_FRAMEWORK_HEADER = YES;
				CLANG_WARN_RANGE_LOOP_ANALYSIS = YES;
				CLANG_WARN_STRICT_PROTOTYPES = YES;
				CLANG_WARN_SUSPICIOUS_MOVE = YES;
				CLANG_WARN_UNGUARDED_AVAILABILITY = YES_AGGRESSIVE;
				CLANG_WARN_UNREACHABLE_CODE = YES;
				CLANG_WARN__DUPLICATE_METHOD_MATCH = YES;
				COPY_PHASE_STRIP = NO;
				DEAD_CODE_STRIPPING = YES;
				DEBUG_INFORMATION_FORMAT = "dwarf-with-dsym";
				ENABLE_NS_ASSERTIONS = NO;
				ENABLE_STRICT_OBJC_MSGSEND = YES;
				ENABLE_USER_SCRIPT_SANDBOXING = YES;
				GCC_C_LANGUAGE_STANDARD = gnu17;
				GCC_NO_COMMON_BLOCKS = YES;
				GCC_WARN_64_TO_32_BIT_CONVERSION = YES;
				GCC_WARN_ABOUT_RETURN_TYPE = YES_ERROR;
				GCC_WARN_UNDECLARED_SELECTOR = YES;
				GCC_WARN_UNINITIALIZED_AUTOS = YES_AGGRESSIVE;
				GCC_WARN_UNUSED_FUNCTION = YES;
				GCC_WARN_UNUSED_VARIABLE = YES;
				HEADER_SEARCH_PATHS = (
					swallpaper/include,
					"dependencies/**",
				);
				INFOPLIST_KEY_LSUIElement = YES;
				LOCALIZATION_PREFERS_STRING_CATALOGS = YES;
				MACOSX_DEPLOYMENT_TARGET = "$(RECOMMENDED_MACOSX_DEPLOYMENT_TARGET)";
				MTL_ENABLE_DEBUG_INFO = NO;
				MTL_FAST_MATH = YES;
				SDKROOT = macosx;
				SWIFT_VERSION = "";
				WARNING_CFLAGS = "-Wpartial-availability";
			};
			name = Release;
		};
/* End XCBuildConfiguration section */

/* Begin XCConfigurationList section */
		CE103C522B9A3C5C006C25C2 /* Build configuration list for PBXNativeTarget "swallpaper" */ = {
			isa = XCConfigurationList;
			buildConfigurations = (
				CE103C532B9A3C5C006C25C2 /* Debug */,
				CE103C542B9A3C5C006C25C2 /* Release */,
			);
			defaultConfigurationIsVisible = 0;
			defaultConfigurationName = Release;
		};
		CE73BA062B8A98D200AFC334 /* Build configuration list for PBXProject "swallpaper" */ = {
			isa = XCConfigurationList;
			buildConfigurations = (
				CE73BA102B8A98D200AFC334 /* Debug */,
				CE73BA112B8A98D200AFC334 /* Release */,
			);
			defaultConfigurationIsVisible = 0;
			defaultConfigurationName = Release;
		};
/* End XCConfigurationList section */
	};
	rootObject = CE73BA032B8A98D200AFC334 /* Project object */;
}
