// !$*UTF8*$!
{
	archiveVersion = 1;
	classes = {
	};
	objectVersion = 56;
	objects = {

/* Begin PBXBuildFile section */
		CE4FDEB82B8E54E400770C5E /* appDelegate.m in Sources */ = {isa = PBXBuildFile; fileRef = CE4FDEB72B8E54E400770C5E /* appDelegate.m */; };
		CE73BA0F2B8A98D200AFC334 /* main.m in Sources */ = {isa = PBXBuildFile; fileRef = CE73BA0E2B8A98D200AFC334 /* main.m */; };
		CE73BA1B2B8A993500AFC334 /* renderer.m in Sources */ = {isa = PBXBuildFile; fileRef = CE73BA1A2B8A993500AFC334 /* renderer.m */; };
		CE73BA1E2B8A99BD00AFC334 /* videoRenderer.m in Sources */ = {isa = PBXBuildFile; fileRef = CE73BA1D2B8A99BD00AFC334 /* videoRenderer.m */; };
		CE73BA222B8A99F400AFC334 /* videoDecoder.c in Sources */ = {isa = PBXBuildFile; fileRef = CE73BA212B8A99F400AFC334 /* videoDecoder.c */; };
		CE73BA2B2B8A9B4100AFC334 /* libswresample.a in Frameworks */ = {isa = PBXBuildFile; fileRef = CE73BA242B8A9B4100AFC334 /* libswresample.a */; };
		CE73BA2C2B8A9B4100AFC334 /* libavfilter.a in Frameworks */ = {isa = PBXBuildFile; fileRef = CE73BA252B8A9B4100AFC334 /* libavfilter.a */; };
		CE73BA2D2B8A9B4100AFC334 /* libavdevice.a in Frameworks */ = {isa = PBXBuildFile; fileRef = CE73BA262B8A9B4100AFC334 /* libavdevice.a */; };
		CE73BA2E2B8A9B4100AFC334 /* libavformat.a in Frameworks */ = {isa = PBXBuildFile; fileRef = CE73BA272B8A9B4100AFC334 /* libavformat.a */; };
		CE73BA2F2B8A9B4100AFC334 /* libavcodec.a in Frameworks */ = {isa = PBXBuildFile; fileRef = CE73BA282B8A9B4100AFC334 /* libavcodec.a */; };
		CE73BA302B8A9B4100AFC334 /* libswscale.a in Frameworks */ = {isa = PBXBuildFile; fileRef = CE73BA292B8A9B4100AFC334 /* libswscale.a */; };
		CE73BA312B8A9B4100AFC334 /* libavutil.a in Frameworks */ = {isa = PBXBuildFile; fileRef = CE73BA2A2B8A9B4100AFC334 /* libavutil.a */; };
		CE73BA332B8A9B4C00AFC334 /* libbz2_static.a in Frameworks */ = {isa = PBXBuildFile; fileRef = CE73BA322B8A9B4C00AFC334 /* libbz2_static.a */; };
		CE73BA352B8A9B5500AFC334 /* libz.a in Frameworks */ = {isa = PBXBuildFile; fileRef = CE73BA342B8A9B5500AFC334 /* libz.a */; };
		CE73BA372B8A9B8700AFC334 /* MetalKit.framework in Frameworks */ = {isa = PBXBuildFile; fileRef = CE73BA362B8A9B8700AFC334 /* MetalKit.framework */; };
		CE73BA392B8A9C1E00AFC334 /* AudioToolbox.framework in Frameworks */ = {isa = PBXBuildFile; fileRef = CE73BA382B8A9C1E00AFC334 /* AudioToolbox.framework */; };
		CE73BA3B2B8A9C2300AFC334 /* VideoToolbox.framework in Frameworks */ = {isa = PBXBuildFile; fileRef = CE73BA3A2B8A9C2300AFC334 /* VideoToolbox.framework */; };
		CE73BA3D2B8A9C3700AFC334 /* CoreMedia.framework in Frameworks */ = {isa = PBXBuildFile; fileRef = CE73BA3C2B8A9C3700AFC334 /* CoreMedia.framework */; };
		CE73BA3F2B8A9C4E00AFC334 /* libiconv.tbd in Frameworks */ = {isa = PBXBuildFile; fileRef = CE73BA3E2B8A9C4E00AFC334 /* libiconv.tbd */; };
		CE73BA422B8A9CEC00AFC334 /* hwvideo.metal in Sources */ = {isa = PBXBuildFile; fileRef = CE73BA412B8A9CEC00AFC334 /* hwvideo.metal */; };
		CEE51C812B8D6A290019851F /* menuBar.m in Sources */ = {isa = PBXBuildFile; fileRef = CEE51C802B8D6A290019851F /* menuBar.m */; };
/* End PBXBuildFile section */

/* Begin PBXCopyFilesBuildPhase section */
		CE73BA092B8A98D200AFC334 /* CopyFiles */ = {
			isa = PBXCopyFilesBuildPhase;
			buildActionMask = 2147483647;
			dstPath = /usr/share/man/man1/;
			dstSubfolderSpec = 0;
			files = (
			);
			runOnlyForDeploymentPostprocessing = 1;
		};
/* End PBXCopyFilesBuildPhase section */

/* Begin PBXFileReference section */
		CE4FDEB62B8E54BF00770C5E /* appDelegate.h */ = {isa = PBXFileReference; lastKnownFileType = sourcecode.c.h; path = appDelegate.h; sourceTree = "<group>"; };
		CE4FDEB72B8E54E400770C5E /* appDelegate.m */ = {isa = PBXFileReference; lastKnownFileType = sourcecode.c.objc; path = appDelegate.m; sourceTree = "<group>"; };
		CE73BA0B2B8A98D200AFC334 /* swallpaper */ = {isa = PBXFileReference; explicitFileType = "compiled.mach-o.executable"; includeInIndex = 0; path = swallpaper; sourceTree = BUILT_PRODUCTS_DIR; };
		CE73BA0E2B8A98D200AFC334 /* main.m */ = {isa = PBXFileReference; lastKnownFileType = sourcecode.c.objc; path = main.m; sourceTree = "<group>"; };
		CE73BA1A2B8A993500AFC334 /* renderer.m */ = {isa = PBXFileReference; lastKnownFileType = sourcecode.c.objc; path = renderer.m; sourceTree = "<group>"; };
		CE73BA1C2B8A996F00AFC334 /* renderer.h */ = {isa = PBXFileReference; lastKnownFileType = sourcecode.c.h; path = renderer.h; sourceTree = "<group>"; };
		CE73BA1D2B8A99BD00AFC334 /* videoRenderer.m */ = {isa = PBXFileReference; lastKnownFileType = sourcecode.c.objc; path = videoRenderer.m; sourceTree = "<group>"; };
		CE73BA1F2B8A99D100AFC334 /* videoRenderer.h */ = {isa = PBXFileReference; lastKnownFileType = sourcecode.c.h; path = videoRenderer.h; sourceTree = "<group>"; };
		CE73BA202B8A99E100AFC334 /* videoDecoder.h */ = {isa = PBXFileReference; lastKnownFileType = sourcecode.c.h; path = videoDecoder.h; sourceTree = "<group>"; };
		CE73BA212B8A99F400AFC334 /* videoDecoder.c */ = {isa = PBXFileReference; lastKnownFileType = sourcecode.c.c; path = videoDecoder.c; sourceTree = "<group>"; };
		CE73BA242B8A9B4100AFC334 /* libswresample.a */ = {isa = PBXFileReference; lastKnownFileType = archive.ar; name = libswresample.a; path = dependencies/ffmpeg/lib/libswresample.a; sourceTree = "<group>"; };
		CE73BA252B8A9B4100AFC334 /* libavfilter.a */ = {isa = PBXFileReference; lastKnownFileType = archive.ar; name = libavfilter.a; path = dependencies/ffmpeg/lib/libavfilter.a; sourceTree = "<group>"; };
		CE73BA262B8A9B4100AFC334 /* libavdevice.a */ = {isa = PBXFileReference; lastKnownFileType = archive.ar; name = libavdevice.a; path = dependencies/ffmpeg/lib/libavdevice.a; sourceTree = "<group>"; };
		CE73BA272B8A9B4100AFC334 /* libavformat.a */ = {isa = PBXFileReference; lastKnownFileType = archive.ar; name = libavformat.a; path = dependencies/ffmpeg/lib/libavformat.a; sourceTree = "<group>"; };
		CE73BA282B8A9B4100AFC334 /* libavcodec.a */ = {isa = PBXFileReference; lastKnownFileType = archive.ar; name = libavcodec.a; path = dependencies/ffmpeg/lib/libavcodec.a; sourceTree = "<group>"; };
		CE73BA292B8A9B4100AFC334 /* libswscale.a */ = {isa = PBXFileReference; lastKnownFileType = archive.ar; name = libswscale.a; path = dependencies/ffmpeg/lib/libswscale.a; sourceTree = "<group>"; };
		CE73BA2A2B8A9B4100AFC334 /* libavutil.a */ = {isa = PBXFileReference; lastKnownFileType = archive.ar; name = libavutil.a; path = dependencies/ffmpeg/lib/libavutil.a; sourceTree = "<group>"; };
		CE73BA322B8A9B4C00AFC334 /* libbz2_static.a */ = {isa = PBXFileReference; lastKnownFileType = archive.ar; name = libbz2_static.a; path = dependencies/bzip2/lib/libbz2_static.a; sourceTree = "<group>"; };
		CE73BA342B8A9B5500AFC334 /* libz.a */ = {isa = PBXFileReference; lastKnownFileType = archive.ar; name = libz.a; path = dependencies/zlib/lib/libz.a; sourceTree = "<group>"; };
		CE73BA362B8A9B8700AFC334 /* MetalKit.framework */ = {isa = PBXFileReference; lastKnownFileType = wrapper.framework; name = MetalKit.framework; path = System/Library/Frameworks/MetalKit.framework; sourceTree = SDKROOT; };
		CE73BA382B8A9C1E00AFC334 /* AudioToolbox.framework */ = {isa = PBXFileReference; lastKnownFileType = wrapper.framework; name = AudioToolbox.framework; path = System/Library/Frameworks/AudioToolbox.framework; sourceTree = SDKROOT; };
		CE73BA3A2B8A9C2300AFC334 /* VideoToolbox.framework */ = {isa = PBXFileReference; lastKnownFileType = wrapper.framework; name = VideoToolbox.framework; path = System/Library/Frameworks/VideoToolbox.framework; sourceTree = SDKROOT; };
		CE73BA3C2B8A9C3700AFC334 /* CoreMedia.framework */ = {isa = PBXFileReference; lastKnownFileType = wrapper.framework; name = CoreMedia.framework; path = System/Library/Frameworks/CoreMedia.framework; sourceTree = SDKROOT; };
		CE73BA3E2B8A9C4E00AFC334 /* libiconv.tbd */ = {isa = PBXFileReference; lastKnownFileType = "sourcecode.text-based-dylib-definition"; name = libiconv.tbd; path = usr/lib/libiconv.tbd; sourceTree = SDKROOT; };
		CE73BA412B8A9CEC00AFC334 /* hwvideo.metal */ = {isa = PBXFileReference; lastKnownFileType = sourcecode.metal; path = hwvideo.metal; sourceTree = "<group>"; };
		CEE51C802B8D6A290019851F /* menuBar.m */ = {isa = PBXFileReference; lastKnownFileType = sourcecode.c.objc; path = menuBar.m; sourceTree = "<group>"; };
		CEE51C822B8D6A350019851F /* menuBar.h */ = {isa = PBXFileReference; lastKnownFileType = sourcecode.c.h; path = menuBar.h; sourceTree = "<group>"; };
/* End PBXFileReference section */

/* Begin PBXFrameworksBuildPhase section */
		CE73BA082B8A98D200AFC334 /* Frameworks */ = {
			isa = PBXFrameworksBuildPhase;
			buildActionMask = 2147483647;
			files = (
				CE73BA3F2B8A9C4E00AFC334 /* libiconv.tbd in Frameworks */,
				CE73BA3D2B8A9C3700AFC334 /* CoreMedia.framework in Frameworks */,
				CE73BA3B2B8A9C2300AFC334 /* VideoToolbox.framework in Frameworks */,
				CE73BA392B8A9C1E00AFC334 /* AudioToolbox.framework in Frameworks */,
				CE73BA372B8A9B8700AFC334 /* MetalKit.framework in Frameworks */,
				CE73BA352B8A9B5500AFC334 /* libz.a in Frameworks */,
				CE73BA332B8A9B4C00AFC334 /* libbz2_static.a in Frameworks */,
				CE73BA2E2B8A9B4100AFC334 /* libavformat.a in Frameworks */,
				CE73BA2F2B8A9B4100AFC334 /* libavcodec.a in Frameworks */,
				CE73BA2B2B8A9B4100AFC334 /* libswresample.a in Frameworks */,
				CE73BA302B8A9B4100AFC334 /* libswscale.a in Frameworks */,
				CE73BA312B8A9B4100AFC334 /* libavutil.a in Frameworks */,
				CE73BA2C2B8A9B4100AFC334 /* libavfilter.a in Frameworks */,
				CE73BA2D2B8A9B4100AFC334 /* libavdevice.a in Frameworks */,
			);
			runOnlyForDeploymentPostprocessing = 0;
		};
/* End PBXFrameworksBuildPhase section */

/* Begin PBXGroup section */
		CE73BA022B8A98D200AFC334 = {
			isa = PBXGroup;
			children = (
				CE73BA0D2B8A98D200AFC334 /* swallpaper */,
				CE73BA0C2B8A98D200AFC334 /* Products */,
				CE73BA232B8A9B4000AFC334 /* Frameworks */,
			);
			sourceTree = "<group>";
		};
		CE73BA0C2B8A98D200AFC334 /* Products */ = {
			isa = PBXGroup;
			children = (
				CE73BA0B2B8A98D200AFC334 /* swallpaper */,
			);
			name = Products;
			sourceTree = "<group>";
		};
		CE73BA0D2B8A98D200AFC334 /* swallpaper */ = {
			isa = PBXGroup;
			children = (
				CE73BA402B8A9CDD00AFC334 /* shaders */,
				CE73BA172B8A991500AFC334 /* include */,
				CE73BA152B8A98FC00AFC334 /* src */,
				CE73BA0E2B8A98D200AFC334 /* main.m */,
			);
			path = swallpaper;
			sourceTree = "<group>";
		};
		CE73BA152B8A98FC00AFC334 /* src */ = {
			isa = PBXGroup;
			children = (
				CE73BA192B8A992700AFC334 /* rendering */,
				CE73BA212B8A99F400AFC334 /* videoDecoder.c */,
				CEE51C802B8D6A290019851F /* menuBar.m */,
				CE4FDEB72B8E54E400770C5E /* appDelegate.m */,
			);
			path = src;
			sourceTree = "<group>";
		};
		CE73BA172B8A991500AFC334 /* include */ = {
			isa = PBXGroup;
			children = (
				CE73BA182B8A991F00AFC334 /* rendering */,
				CE73BA202B8A99E100AFC334 /* videoDecoder.h */,
				CEE51C822B8D6A350019851F /* menuBar.h */,
				CE4FDEB62B8E54BF00770C5E /* appDelegate.h */,
			);
			path = include;
			sourceTree = "<group>";
		};
		CE73BA182B8A991F00AFC334 /* rendering */ = {
			isa = PBXGroup;
			children = (
				CE73BA1C2B8A996F00AFC334 /* renderer.h */,
				CE73BA1F2B8A99D100AFC334 /* videoRenderer.h */,
			);
			path = rendering;
			sourceTree = "<group>";
		};
		CE73BA192B8A992700AFC334 /* rendering */ = {
			isa = PBXGroup;
			children = (
				CE73BA1A2B8A993500AFC334 /* renderer.m */,
				CE73BA1D2B8A99BD00AFC334 /* videoRenderer.m */,
			);
			path = rendering;
			sourceTree = "<group>";
		};
		CE73BA232B8A9B4000AFC334 /* Frameworks */ = {
			isa = PBXGroup;
			children = (
				CE73BA3E2B8A9C4E00AFC334 /* libiconv.tbd */,
				CE73BA3C2B8A9C3700AFC334 /* CoreMedia.framework */,
				CE73BA3A2B8A9C2300AFC334 /* VideoToolbox.framework */,
				CE73BA382B8A9C1E00AFC334 /* AudioToolbox.framework */,
				CE73BA362B8A9B8700AFC334 /* MetalKit.framework */,
				CE73BA342B8A9B5500AFC334 /* libz.a */,
				CE73BA322B8A9B4C00AFC334 /* libbz2_static.a */,
				CE73BA282B8A9B4100AFC334 /* libavcodec.a */,
				CE73BA262B8A9B4100AFC334 /* libavdevice.a */,
				CE73BA252B8A9B4100AFC334 /* libavfilter.a */,
				CE73BA272B8A9B4100AFC334 /* libavformat.a */,
				CE73BA2A2B8A9B4100AFC334 /* libavutil.a */,
				CE73BA242B8A9B4100AFC334 /* libswresample.a */,
				CE73BA292B8A9B4100AFC334 /* libswscale.a */,
			);
			name = Frameworks;
			sourceTree = "<group>";
		};
		CE73BA402B8A9CDD00AFC334 /* shaders */ = {
			isa = PBXGroup;
			children = (
				CE73BA412B8A9CEC00AFC334 /* hwvideo.metal */,
			);
			path = shaders;
			sourceTree = "<group>";
		};
/* End PBXGroup section */

/* Begin PBXNativeTarget section */
		CE73BA0A2B8A98D200AFC334 /* swallpaper */ = {
			isa = PBXNativeTarget;
			buildConfigurationList = CE73BA122B8A98D200AFC334 /* Build configuration list for PBXNativeTarget "swallpaper" */;
			buildPhases = (
				CE73BA072B8A98D200AFC334 /* Sources */,
				CE73BA082B8A98D200AFC334 /* Frameworks */,
				CE73BA092B8A98D200AFC334 /* CopyFiles */,
			);
			buildRules = (
			);
			dependencies = (
			);
			name = swallpaper;
			productName = swallpaper;
			productReference = CE73BA0B2B8A98D200AFC334 /* swallpaper */;
			productType = "com.apple.product-type.tool";
		};
/* End PBXNativeTarget section */

/* Begin PBXProject section */
		CE73BA032B8A98D200AFC334 /* Project object */ = {
			isa = PBXProject;
			attributes = {
				BuildIndependentTargetsInParallel = 1;
				LastUpgradeCheck = 1520;
				TargetAttributes = {
					CE73BA0A2B8A98D200AFC334 = {
						CreatedOnToolsVersion = 15.2;
					};
				};
			};
			buildConfigurationList = CE73BA062B8A98D200AFC334 /* Build configuration list for PBXProject "swallpaper" */;
			compatibilityVersion = "Xcode 14.0";
			developmentRegion = en;
			hasScannedForEncodings = 0;
			knownRegions = (
				en,
				Base,
			);
			mainGroup = CE73BA022B8A98D200AFC334;
			productRefGroup = CE73BA0C2B8A98D200AFC334 /* Products */;
			projectDirPath = "";
			projectRoot = "";
			targets = (
				CE73BA0A2B8A98D200AFC334 /* swallpaper */,
			);
		};
/* End PBXProject section */

/* Begin PBXSourcesBuildPhase section */
		CE73BA072B8A98D200AFC334 /* Sources */ = {
			isa = PBXSourcesBuildPhase;
			buildActionMask = 2147483647;
			files = (
				CE4FDEB82B8E54E400770C5E /* appDelegate.m in Sources */,
				CEE51C812B8D6A290019851F /* menuBar.m in Sources */,
				CE73BA222B8A99F400AFC334 /* videoDecoder.c in Sources */,
				CE73BA422B8A9CEC00AFC334 /* hwvideo.metal in Sources */,
				CE73BA1E2B8A99BD00AFC334 /* videoRenderer.m in Sources */,
				CE73BA1B2B8A993500AFC334 /* renderer.m in Sources */,
				CE73BA0F2B8A98D200AFC334 /* main.m in Sources */,
			);
			runOnlyForDeploymentPostprocessing = 0;
		};
/* End PBXSourcesBuildPhase section */

/* Begin XCBuildConfiguration section */
		CE73BA102B8A98D200AFC334 /* Debug */ = {
			isa = XCBuildConfiguration;
			buildSettings = {
				ALWAYS_SEARCH_USER_PATHS = NO;
				ASSETCATALOG_COMPILER_GENERATE_SWIFT_ASSET_SYMBOL_EXTENSIONS = YES;
				CLANG_ANALYZER_NONNULL = YES;
				CLANG_ANALYZER_NUMBER_OBJECT_CONVERSION = YES_AGGRESSIVE;
				CLANG_CXX_LANGUAGE_STANDARD = "gnu++20";
				CLANG_ENABLE_MODULES = YES;
				CLANG_ENABLE_OBJC_ARC = YES;
				CLANG_ENABLE_OBJC_WEAK = YES;
				CLANG_WARN_BLOCK_CAPTURE_AUTORELEASING = YES;
				CLANG_WARN_BOOL_CONVERSION = YES;
				CLANG_WARN_COMMA = YES;
				CLANG_WARN_CONSTANT_CONVERSION = YES;
				CLANG_WARN_DEPRECATED_OBJC_IMPLEMENTATIONS = YES;
				CLANG_WARN_DIRECT_OBJC_ISA_USAGE = YES_ERROR;
				CLANG_WARN_DOCUMENTATION_COMMENTS = YES;
				CLANG_WARN_EMPTY_BODY = YES;
				CLANG_WARN_ENUM_CONVERSION = YES;
				CLANG_WARN_INFINITE_RECURSION = YES;
				CLANG_WARN_INT_CONVERSION = YES;
				CLANG_WARN_NON_LITERAL_NULL_CONVERSION = YES;
				CLANG_WARN_OBJC_IMPLICIT_RETAIN_SELF = YES;
				CLANG_WARN_OBJC_LITERAL_CONVERSION = YES;
				CLANG_WARN_OBJC_ROOT_CLASS = YES_ERROR;
				CLANG_WARN_QUOTED_INCLUDE_IN_FRAMEWORK_HEADER = YES;
				CLANG_WARN_RANGE_LOOP_ANALYSIS = YES;
				CLANG_WARN_STRICT_PROTOTYPES = YES;
				CLANG_WARN_SUSPICIOUS_MOVE = YES;
				CLANG_WARN_UNGUARDED_AVAILABILITY = YES_AGGRESSIVE;
				CLANG_WARN_UNREACHABLE_CODE = YES;
				CLANG_WARN__DUPLICATE_METHOD_MATCH = YES;
				COPY_PHASE_STRIP = NO;
				DEBUG_INFORMATION_FORMAT = dwarf;
				ENABLE_STRICT_OBJC_MSGSEND = YES;
				ENABLE_TESTABILITY = YES;
				ENABLE_USER_SCRIPT_SANDBOXING = YES;
				GCC_C_LANGUAGE_STANDARD = gnu17;
				GCC_DYNAMIC_NO_PIC = NO;
				GCC_NO_COMMON_BLOCKS = YES;
				GCC_OPTIMIZATION_LEVEL = 0;
				GCC_PREPROCESSOR_DEFINITIONS = (
					"DEBUG=1",
					"$(inherited)",
				);
				GCC_WARN_64_TO_32_BIT_CONVERSION = YES;
				GCC_WARN_ABOUT_RETURN_TYPE = YES_ERROR;
				GCC_WARN_UNDECLARED_SELECTOR = YES;
				GCC_WARN_UNINITIALIZED_AUTOS = YES_AGGRESSIVE;
				GCC_WARN_UNUSED_FUNCTION = YES;
				GCC_WARN_UNUSED_VARIABLE = YES;
				HEADER_SEARCH_PATHS = (
					swallpaper/include,
					"dependencies/**",
				);
				LOCALIZATION_PREFERS_STRING_CATALOGS = YES;
				MACOSX_DEPLOYMENT_TARGET = 14.2;
				MTL_ENABLE_DEBUG_INFO = INCLUDE_SOURCE;
				MTL_FAST_MATH = YES;
				ONLY_ACTIVE_ARCH = YES;
				SDKROOT = macosx;
			};
			name = Debug;
		};
		CE73BA112B8A98D200AFC334 /* Release */ = {
			isa = XCBuildConfiguration;
			buildSettings = {
				ALWAYS_SEARCH_USER_PATHS = NO;
				ASSETCATALOG_COMPILER_GENERATE_SWIFT_ASSET_SYMBOL_EXTENSIONS = YES;
				CLANG_ANALYZER_NONNULL = YES;
				CLANG_ANALYZER_NUMBER_OBJECT_CONVERSION = YES_AGGRESSIVE;
				CLANG_CXX_LANGUAGE_STANDARD = "gnu++20";
				CLANG_ENABLE_MODULES = YES;
				CLANG_ENABLE_OBJC_ARC = YES;
				CLANG_ENABLE_OBJC_WEAK = YES;
				CLANG_WARN_BLOCK_CAPTURE_AUTORELEASING = YES;
				CLANG_WARN_BOOL_CONVERSION = YES;
				CLANG_WARN_COMMA = YES;
				CLANG_WARN_CONSTANT_CONVERSION = YES;
				CLANG_WARN_DEPRECATED_OBJC_IMPLEMENTATIONS = YES;
				CLANG_WARN_DIRECT_OBJC_ISA_USAGE = YES_ERROR;
				CLANG_WARN_DOCUMENTATION_COMMENTS = YES;
				CLANG_WARN_EMPTY_BODY = YES;
				CLANG_WARN_ENUM_CONVERSION = YES;
				CLANG_WARN_INFINITE_RECURSION = YES;
				CLANG_WARN_INT_CONVERSION = YES;
				CLANG_WARN_NON_LITERAL_NULL_CONVERSION = YES;
				CLANG_WARN_OBJC_IMPLICIT_RETAIN_SELF = YES;
				CLANG_WARN_OBJC_LITERAL_CONVERSION = YES;
				CLANG_WARN_OBJC_ROOT_CLASS = YES_ERROR;
				CLANG_WARN_QUOTED_INCLUDE_IN_FRAMEWORK_HEADER = YES;
				CLANG_WARN_RANGE_LOOP_ANALYSIS = YES;
				CLANG_WARN_STRICT_PROTOTYPES = YES;
				CLANG_WARN_SUSPICIOUS_MOVE = YES;
				CLANG_WARN_UNGUARDED_AVAILABILITY = YES_AGGRESSIVE;
				CLANG_WARN_UNREACHABLE_CODE = YES;
				CLANG_WARN__DUPLICATE_METHOD_MATCH = YES;
				COPY_PHASE_STRIP = NO;
				DEBUG_INFORMATION_FORMAT = "dwarf-with-dsym";
				ENABLE_NS_ASSERTIONS = NO;
				ENABLE_STRICT_OBJC_MSGSEND = YES;
				ENABLE_USER_SCRIPT_SANDBOXING = YES;
				GCC_C_LANGUAGE_STANDARD = gnu17;
				GCC_NO_COMMON_BLOCKS = YES;
				GCC_WARN_64_TO_32_BIT_CONVERSION = YES;
				GCC_WARN_ABOUT_RETURN_TYPE = YES_ERROR;
				GCC_WARN_UNDECLARED_SELECTOR = YES;
				GCC_WARN_UNINITIALIZED_AUTOS = YES_AGGRESSIVE;
				GCC_WARN_UNUSED_FUNCTION = YES;
				GCC_WARN_UNUSED_VARIABLE = YES;
				HEADER_SEARCH_PATHS = (
					swallpaper/include,
					"dependencies/**",
				);
				LOCALIZATION_PREFERS_STRING_CATALOGS = YES;
				MACOSX_DEPLOYMENT_TARGET = 14.2;
				MTL_ENABLE_DEBUG_INFO = NO;
				MTL_FAST_MATH = YES;
				SDKROOT = macosx;
			};
			name = Release;
		};
		CE73BA132B8A98D200AFC334 /* Debug */ = {
			isa = XCBuildConfiguration;
			buildSettings = {
				CODE_SIGN_STYLE = Automatic;
				DEVELOPMENT_TEAM = RD9S3523V8;
				LIBRARY_SEARCH_PATHS = (
					"$(inherited)",
					"$(PROJECT_DIR)/dependencies/ffmpeg/lib",
					"$(PROJECT_DIR)/dependencies/bzip2/lib",
					"$(PROJECT_DIR)/dependencies/zlib/lib",
				);
				PRODUCT_NAME = "$(TARGET_NAME)";
			};
			name = Debug;
		};
		CE73BA142B8A98D200AFC334 /* Release */ = {
			isa = XCBuildConfiguration;
			buildSettings = {
				CODE_SIGN_STYLE = Automatic;
				DEVELOPMENT_TEAM = RD9S3523V8;
				LIBRARY_SEARCH_PATHS = (
					"$(inherited)",
					"$(PROJECT_DIR)/dependencies/ffmpeg/lib",
					"$(PROJECT_DIR)/dependencies/bzip2/lib",
					"$(PROJECT_DIR)/dependencies/zlib/lib",
				);
				PRODUCT_NAME = "$(TARGET_NAME)";
			};
			name = Release;
		};
/* End XCBuildConfiguration section */

/* Begin XCConfigurationList section */
		CE73BA062B8A98D200AFC334 /* Build configuration list for PBXProject "swallpaper" */ = {
			isa = XCConfigurationList;
			buildConfigurations = (
				CE73BA102B8A98D200AFC334 /* Debug */,
				CE73BA112B8A98D200AFC334 /* Release */,
			);
			defaultConfigurationIsVisible = 0;
			defaultConfigurationName = Release;
		};
		CE73BA122B8A98D200AFC334 /* Build configuration list for PBXNativeTarget "swallpaper" */ = {
			isa = XCConfigurationList;
			buildConfigurations = (
				CE73BA132B8A98D200AFC334 /* Debug */,
				CE73BA142B8A98D200AFC334 /* Release */,
			);
			defaultConfigurationIsVisible = 0;
			defaultConfigurationName = Release;
		};
/* End XCConfigurationList section */
	};
	rootObject = CE73BA032B8A98D200AFC334 /* Project object */;
}
