{
  "originHash" : "779f5a91326d7dd191f183562d4ad87d419299548eafaf0762bba9d8ddd4eb5f",
  "pins" : [
    {
      "identity" : "snapkit",
      "kind" : "remoteSourceControl",
      "location" : "https://github.com/SnapKit/SnapKit",
      "state" : {
        "revision" : "2842e6e84e82eb9a8dac0100ca90d9444b0307f4",
        "version" : "5.7.1"
      }
    },
    {
      "identity" : "swiftui-system-colors",
      "kind" : "remoteSourceControl",
      "location" : "https://github.com/diniska/swiftui-system-colors",
      "state" : {
        "revision" : "5127afab23337699a714e036588f02d9481ae612",
        "version" : "1.2.0"
      }
    }
  ],
  "version" : 3
}
